// !$*UTF8*$!
{
	archiveVersion = 1;
	classes = {
	};
	objectVersion = 56;
	objects = {

/* Begin PBXBuildFile section */
		D814E86D2A09976D00ECCA17 /* OpenAIClientTests.swift in Sources */ = {isa = PBXBuildFile; fileRef = D814E86C2A09976D00ECCA17 /* OpenAIClientTests.swift */; };
		D814E86F2A09A24C00ECCA17 /* ChatRequest.swift in Sources */ = {isa = PBXBuildFile; fileRef = D814E86E2A09A24C00ECCA17 /* ChatRequest.swift */; };
		D814E8712A0A29B300ECCA17 /* OpenAIClientable.swift in Sources */ = {isa = PBXBuildFile; fileRef = D814E8702A0A29B300ECCA17 /* OpenAIClientable.swift */; };
		D814E8732A0A2BA100ECCA17 /* OpenAIRequest.swift in Sources */ = {isa = PBXBuildFile; fileRef = D814E8722A0A2BA100ECCA17 /* OpenAIRequest.swift */; };
		D814E8752A0A35B500ECCA17 /* ChatResponse.swift in Sources */ = {isa = PBXBuildFile; fileRef = D814E8742A0A35B500ECCA17 /* ChatResponse.swift */; };
		D814E8772A0A362300ECCA17 /* Choice.swift in Sources */ = {isa = PBXBuildFile; fileRef = D814E8762A0A362300ECCA17 /* Choice.swift */; };
		D814E8792A0A367000ECCA17 /* Usage.swift in Sources */ = {isa = PBXBuildFile; fileRef = D814E8782A0A367000ECCA17 /* Usage.swift */; };
		D814E87D2A0A37A300ECCA17 /* OpenAIRequest+URL.swift in Sources */ = {isa = PBXBuildFile; fileRef = D814E87C2A0A37A300ECCA17 /* OpenAIRequest+URL.swift */; };
		D814E87F2A0A3FEB00ECCA17 /* OpenAIError.swift in Sources */ = {isa = PBXBuildFile; fileRef = D814E87E2A0A3FEB00ECCA17 /* OpenAIError.swift */; };
		D814E8812A0A418900ECCA17 /* OpenAIErrorResponse.swift in Sources */ = {isa = PBXBuildFile; fileRef = D814E8802A0A418900ECCA17 /* OpenAIErrorResponse.swift */; };
		D814E8852A0A584800ECCA17 /* OpenAIErrorDetails.swift in Sources */ = {isa = PBXBuildFile; fileRef = D814E8842A0A584800ECCA17 /* OpenAIErrorDetails.swift */; };
		D814E8892A0A651400ECCA17 /* URLSessionable.swift in Sources */ = {isa = PBXBuildFile; fileRef = D814E8882A0A651400ECCA17 /* URLSessionable.swift */; };
		D814E8942A0AA10B00ECCA17 /* MessageCreatable.swift in Sources */ = {isa = PBXBuildFile; fileRef = D814E8932A0AA10B00ECCA17 /* MessageCreatable.swift */; };
		D814E8962A0AA14100ECCA17 /* MessageCreator.swift in Sources */ = {isa = PBXBuildFile; fileRef = D814E8952A0AA14100ECCA17 /* MessageCreator.swift */; };
		D814E8982A0AA1DD00ECCA17 /* MessageCreatorTests.swift in Sources */ = {isa = PBXBuildFile; fileRef = D814E8972A0AA1DD00ECCA17 /* MessageCreatorTests.swift */; };
		D814E89A2A0AA2C900ECCA17 /* Message+Utilities.swift in Sources */ = {isa = PBXBuildFile; fileRef = D814E8992A0AA2C900ECCA17 /* Message+Utilities.swift */; };
		D814E89C2A0AAB0200ECCA17 /* OpenAIMessage.swift in Sources */ = {isa = PBXBuildFile; fileRef = D814E89B2A0AAB0200ECCA17 /* OpenAIMessage.swift */; };
		D88B499E2A0D036400C8E223 /* openai-error-response.json in Resources */ = {isa = PBXBuildFile; fileRef = D88B499D2A0D036400C8E223 /* openai-error-response.json */; };
		D88B49A02A0D038B00C8E223 /* OpenAIErrorResponseTests.swift in Sources */ = {isa = PBXBuildFile; fileRef = D88B499F2A0D038B00C8E223 /* OpenAIErrorResponseTests.swift */; };
		D88B49A22A0D051400C8E223 /* chat-response.json in Resources */ = {isa = PBXBuildFile; fileRef = D88B49A12A0D051400C8E223 /* chat-response.json */; };
		D88B49A42A0D055000C8E223 /* ChatResponseTests.swift in Sources */ = {isa = PBXBuildFile; fileRef = D88B49A32A0D055000C8E223 /* ChatResponseTests.swift */; };
		D88B49A62A0D080500C8E223 /* FakeURLSession.swift in Sources */ = {isa = PBXBuildFile; fileRef = D88B49A52A0D080500C8E223 /* FakeURLSession.swift */; };
		D88B49AD2A0D10EF00C8E223 /* Message+Random.swift in Sources */ = {isa = PBXBuildFile; fileRef = D88B49AC2A0D10EF00C8E223 /* Message+Random.swift */; };
		D89DE3C82A0D1D5200316D72 /* FakeOpenAIClient.swift in Sources */ = {isa = PBXBuildFile; fileRef = D89DE3C72A0D1D5200316D72 /* FakeOpenAIClient.swift */; };
		D8E51BA12A090E93000CCEE3 /* LanguageBuddyApp.swift in Sources */ = {isa = PBXBuildFile; fileRef = D8E51BA02A090E93000CCEE3 /* LanguageBuddyApp.swift */; };
		D8E51BA32A090E93000CCEE3 /* MessagesView.swift in Sources */ = {isa = PBXBuildFile; fileRef = D8E51BA22A090E93000CCEE3 /* MessagesView.swift */; };
		D8E51BA52A090E95000CCEE3 /* Assets.xcassets in Resources */ = {isa = PBXBuildFile; fileRef = D8E51BA42A090E95000CCEE3 /* Assets.xcassets */; };
		D8E51BA82A090E95000CCEE3 /* Preview Assets.xcassets in Resources */ = {isa = PBXBuildFile; fileRef = D8E51BA72A090E95000CCEE3 /* Preview Assets.xcassets */; };
		D8E51BB22A090E95000CCEE3 /* LanguageBuddyTests.swift in Sources */ = {isa = PBXBuildFile; fileRef = D8E51BB12A090E95000CCEE3 /* LanguageBuddyTests.swift */; };
		D8E51BBC2A090E95000CCEE3 /* LanguageBuddyUITests.swift in Sources */ = {isa = PBXBuildFile; fileRef = D8E51BBB2A090E95000CCEE3 /* LanguageBuddyUITests.swift */; };
		D8E51BBE2A090E95000CCEE3 /* LanguageBuddyUITestsLaunchTests.swift in Sources */ = {isa = PBXBuildFile; fileRef = D8E51BBD2A090E95000CCEE3 /* LanguageBuddyUITestsLaunchTests.swift */; };
		D8E51BCE2A090F78000CCEE3 /* Role.swift in Sources */ = {isa = PBXBuildFile; fileRef = D8E51BCC2A090F78000CCEE3 /* Role.swift */; };
		D8E51BCF2A090F78000CCEE3 /* Message.swift in Sources */ = {isa = PBXBuildFile; fileRef = D8E51BCD2A090F78000CCEE3 /* Message.swift */; };
		D8E51BD22A091033000CCEE3 /* messages.json in Resources */ = {isa = PBXBuildFile; fileRef = D8E51BD12A091033000CCEE3 /* messages.json */; };
		D8E51BD42A0910A3000CCEE3 /* MessageTests.swift in Sources */ = {isa = PBXBuildFile; fileRef = D8E51BD32A0910A3000CCEE3 /* MessageTests.swift */; };
		D8E51BD62A0911A6000CCEE3 /* JSONLoader.swift in Sources */ = {isa = PBXBuildFile; fileRef = D8E51BD52A0911A6000CCEE3 /* JSONLoader.swift */; };
		D8E51BD92A0916CD000CCEE3 /* MessageRowView.swift in Sources */ = {isa = PBXBuildFile; fileRef = D8E51BD82A0916CD000CCEE3 /* MessageRowView.swift */; };
		D8E51BDB2A091702000CCEE3 /* Message+Random.swift in Sources */ = {isa = PBXBuildFile; fileRef = D8E51BDA2A091702000CCEE3 /* Message+Random.swift */; };
		D8E51BDD2A09188E000CCEE3 /* String+Random.swift in Sources */ = {isa = PBXBuildFile; fileRef = D8E51BDC2A09188E000CCEE3 /* String+Random.swift */; };
		D8E51BDF2A091A22000CCEE3 /* MessagesList.swift in Sources */ = {isa = PBXBuildFile; fileRef = D8E51BDE2A091A22000CCEE3 /* MessagesList.swift */; };
		D8E51BE12A092616000CCEE3 /* PromptEntryView.swift in Sources */ = {isa = PBXBuildFile; fileRef = D8E51BE02A092616000CCEE3 /* PromptEntryView.swift */; };
		D8E51BE42A09488F000CCEE3 /* AppViewModel.swift in Sources */ = {isa = PBXBuildFile; fileRef = D8E51BE32A09488F000CCEE3 /* AppViewModel.swift */; };
		D8E51BEA2A0949FA000CCEE3 /* AppViewModelable.swift in Sources */ = {isa = PBXBuildFile; fileRef = D8E51BE92A0949FA000CCEE3 /* AppViewModelable.swift */; };
		D8E51BED2A094BF2000CCEE3 /* FakeAppViewModel.swift in Sources */ = {isa = PBXBuildFile; fileRef = D8E51BEC2A094BF2000CCEE3 /* FakeAppViewModel.swift */; };
		D8E51BEF2A095042000CCEE3 /* ContentView.swift in Sources */ = {isa = PBXBuildFile; fileRef = D8E51BEE2A095042000CCEE3 /* ContentView.swift */; };
		D8E51BF12A095981000CCEE3 /* OpenAIClient.swift in Sources */ = {isa = PBXBuildFile; fileRef = D8E51BF02A095981000CCEE3 /* OpenAIClient.swift */; };
		D8E51BF52A095AE2000CCEE3 /* AppViewModelTests.swift in Sources */ = {isa = PBXBuildFile; fileRef = D8E51BF42A095AE2000CCEE3 /* AppViewModelTests.swift */; };
/* End PBXBuildFile section */

/* Begin PBXContainerItemProxy section */
		D8E51BAE2A090E95000CCEE3 /* PBXContainerItemProxy */ = {
			isa = PBXContainerItemProxy;
			containerPortal = D8E51B952A090E93000CCEE3 /* Project object */;
			proxyType = 1;
			remoteGlobalIDString = D8E51B9C2A090E93000CCEE3;
			remoteInfo = LanguageBuddy;
		};
		D8E51BB82A090E95000CCEE3 /* PBXContainerItemProxy */ = {
			isa = PBXContainerItemProxy;
			containerPortal = D8E51B952A090E93000CCEE3 /* Project object */;
			proxyType = 1;
			remoteGlobalIDString = D8E51B9C2A090E93000CCEE3;
			remoteInfo = LanguageBuddy;
		};
/* End PBXContainerItemProxy section */

/* Begin PBXFileReference section */
		D814E86C2A09976D00ECCA17 /* OpenAIClientTests.swift */ = {isa = PBXFileReference; lastKnownFileType = sourcecode.swift; path = OpenAIClientTests.swift; sourceTree = "<group>"; };
		D814E86E2A09A24C00ECCA17 /* ChatRequest.swift */ = {isa = PBXFileReference; lastKnownFileType = sourcecode.swift; path = ChatRequest.swift; sourceTree = "<group>"; };
		D814E8702A0A29B300ECCA17 /* OpenAIClientable.swift */ = {isa = PBXFileReference; lastKnownFileType = sourcecode.swift; path = OpenAIClientable.swift; sourceTree = "<group>"; };
		D814E8722A0A2BA100ECCA17 /* OpenAIRequest.swift */ = {isa = PBXFileReference; lastKnownFileType = sourcecode.swift; path = OpenAIRequest.swift; sourceTree = "<group>"; };
		D814E8742A0A35B500ECCA17 /* ChatResponse.swift */ = {isa = PBXFileReference; lastKnownFileType = sourcecode.swift; path = ChatResponse.swift; sourceTree = "<group>"; };
		D814E8762A0A362300ECCA17 /* Choice.swift */ = {isa = PBXFileReference; lastKnownFileType = sourcecode.swift; path = Choice.swift; sourceTree = "<group>"; };
		D814E8782A0A367000ECCA17 /* Usage.swift */ = {isa = PBXFileReference; lastKnownFileType = sourcecode.swift; path = Usage.swift; sourceTree = "<group>"; };
		D814E87C2A0A37A300ECCA17 /* OpenAIRequest+URL.swift */ = {isa = PBXFileReference; lastKnownFileType = sourcecode.swift; path = "OpenAIRequest+URL.swift"; sourceTree = "<group>"; };
		D814E87E2A0A3FEB00ECCA17 /* OpenAIError.swift */ = {isa = PBXFileReference; lastKnownFileType = sourcecode.swift; path = OpenAIError.swift; sourceTree = "<group>"; };
		D814E8802A0A418900ECCA17 /* OpenAIErrorResponse.swift */ = {isa = PBXFileReference; lastKnownFileType = sourcecode.swift; path = OpenAIErrorResponse.swift; sourceTree = "<group>"; };
		D814E8842A0A584800ECCA17 /* OpenAIErrorDetails.swift */ = {isa = PBXFileReference; lastKnownFileType = sourcecode.swift; path = OpenAIErrorDetails.swift; sourceTree = "<group>"; };
		D814E8882A0A651400ECCA17 /* URLSessionable.swift */ = {isa = PBXFileReference; lastKnownFileType = sourcecode.swift; path = URLSessionable.swift; sourceTree = "<group>"; };
		D814E8932A0AA10B00ECCA17 /* MessageCreatable.swift */ = {isa = PBXFileReference; lastKnownFileType = sourcecode.swift; path = MessageCreatable.swift; sourceTree = "<group>"; };
		D814E8952A0AA14100ECCA17 /* MessageCreator.swift */ = {isa = PBXFileReference; lastKnownFileType = sourcecode.swift; path = MessageCreator.swift; sourceTree = "<group>"; };
		D814E8972A0AA1DD00ECCA17 /* MessageCreatorTests.swift */ = {isa = PBXFileReference; lastKnownFileType = sourcecode.swift; path = MessageCreatorTests.swift; sourceTree = "<group>"; };
		D814E8992A0AA2C900ECCA17 /* Message+Utilities.swift */ = {isa = PBXFileReference; lastKnownFileType = sourcecode.swift; path = "Message+Utilities.swift"; sourceTree = "<group>"; };
		D814E89B2A0AAB0200ECCA17 /* OpenAIMessage.swift */ = {isa = PBXFileReference; lastKnownFileType = sourcecode.swift; path = OpenAIMessage.swift; sourceTree = "<group>"; };
		D88B499D2A0D036400C8E223 /* openai-error-response.json */ = {isa = PBXFileReference; lastKnownFileType = text.json; path = "openai-error-response.json"; sourceTree = "<group>"; };
		D88B499F2A0D038B00C8E223 /* OpenAIErrorResponseTests.swift */ = {isa = PBXFileReference; lastKnownFileType = sourcecode.swift; path = OpenAIErrorResponseTests.swift; sourceTree = "<group>"; };
		D88B49A12A0D051400C8E223 /* chat-response.json */ = {isa = PBXFileReference; lastKnownFileType = text.json; path = "chat-response.json"; sourceTree = "<group>"; };
		D88B49A32A0D055000C8E223 /* ChatResponseTests.swift */ = {isa = PBXFileReference; lastKnownFileType = sourcecode.swift; path = ChatResponseTests.swift; sourceTree = "<group>"; };
		D88B49A52A0D080500C8E223 /* FakeURLSession.swift */ = {isa = PBXFileReference; lastKnownFileType = sourcecode.swift; path = FakeURLSession.swift; sourceTree = "<group>"; };
		D88B49AC2A0D10EF00C8E223 /* Message+Random.swift */ = {isa = PBXFileReference; lastKnownFileType = sourcecode.swift; path = "Message+Random.swift"; sourceTree = "<group>"; };
		D89DE3C72A0D1D5200316D72 /* FakeOpenAIClient.swift */ = {isa = PBXFileReference; lastKnownFileType = sourcecode.swift; path = FakeOpenAIClient.swift; sourceTree = "<group>"; };
		D8E51B9D2A090E93000CCEE3 /* LanguageBuddy.app */ = {isa = PBXFileReference; explicitFileType = wrapper.application; includeInIndex = 0; path = LanguageBuddy.app; sourceTree = BUILT_PRODUCTS_DIR; };
		D8E51BA02A090E93000CCEE3 /* LanguageBuddyApp.swift */ = {isa = PBXFileReference; lastKnownFileType = sourcecode.swift; path = LanguageBuddyApp.swift; sourceTree = "<group>"; };
		D8E51BA22A090E93000CCEE3 /* MessagesView.swift */ = {isa = PBXFileReference; lastKnownFileType = sourcecode.swift; path = MessagesView.swift; sourceTree = "<group>"; };
		D8E51BA42A090E95000CCEE3 /* Assets.xcassets */ = {isa = PBXFileReference; lastKnownFileType = folder.assetcatalog; path = Assets.xcassets; sourceTree = "<group>"; };
		D8E51BA72A090E95000CCEE3 /* Preview Assets.xcassets */ = {isa = PBXFileReference; lastKnownFileType = folder.assetcatalog; path = "Preview Assets.xcassets"; sourceTree = "<group>"; };
		D8E51BAD2A090E95000CCEE3 /* LanguageBuddyTests.xctest */ = {isa = PBXFileReference; explicitFileType = wrapper.cfbundle; includeInIndex = 0; path = LanguageBuddyTests.xctest; sourceTree = BUILT_PRODUCTS_DIR; };
		D8E51BB12A090E95000CCEE3 /* LanguageBuddyTests.swift */ = {isa = PBXFileReference; lastKnownFileType = sourcecode.swift; path = LanguageBuddyTests.swift; sourceTree = "<group>"; };
		D8E51BB72A090E95000CCEE3 /* LanguageBuddyUITests.xctest */ = {isa = PBXFileReference; explicitFileType = wrapper.cfbundle; includeInIndex = 0; path = LanguageBuddyUITests.xctest; sourceTree = BUILT_PRODUCTS_DIR; };
		D8E51BBB2A090E95000CCEE3 /* LanguageBuddyUITests.swift */ = {isa = PBXFileReference; lastKnownFileType = sourcecode.swift; path = LanguageBuddyUITests.swift; sourceTree = "<group>"; };
		D8E51BBD2A090E95000CCEE3 /* LanguageBuddyUITestsLaunchTests.swift */ = {isa = PBXFileReference; lastKnownFileType = sourcecode.swift; path = LanguageBuddyUITestsLaunchTests.swift; sourceTree = "<group>"; };
		D8E51BCC2A090F78000CCEE3 /* Role.swift */ = {isa = PBXFileReference; fileEncoding = 4; lastKnownFileType = sourcecode.swift; path = Role.swift; sourceTree = "<group>"; };
		D8E51BCD2A090F78000CCEE3 /* Message.swift */ = {isa = PBXFileReference; fileEncoding = 4; lastKnownFileType = sourcecode.swift; path = Message.swift; sourceTree = "<group>"; };
		D8E51BD12A091033000CCEE3 /* messages.json */ = {isa = PBXFileReference; lastKnownFileType = text.json; path = messages.json; sourceTree = "<group>"; };
		D8E51BD32A0910A3000CCEE3 /* MessageTests.swift */ = {isa = PBXFileReference; lastKnownFileType = sourcecode.swift; path = MessageTests.swift; sourceTree = "<group>"; };
		D8E51BD52A0911A6000CCEE3 /* JSONLoader.swift */ = {isa = PBXFileReference; lastKnownFileType = sourcecode.swift; path = JSONLoader.swift; sourceTree = "<group>"; };
		D8E51BD82A0916CD000CCEE3 /* MessageRowView.swift */ = {isa = PBXFileReference; lastKnownFileType = sourcecode.swift; path = MessageRowView.swift; sourceTree = "<group>"; };
		D8E51BDA2A091702000CCEE3 /* Message+Random.swift */ = {isa = PBXFileReference; lastKnownFileType = sourcecode.swift; path = "Message+Random.swift"; sourceTree = "<group>"; };
		D8E51BDC2A09188E000CCEE3 /* String+Random.swift */ = {isa = PBXFileReference; lastKnownFileType = sourcecode.swift; path = "String+Random.swift"; sourceTree = "<group>"; };
		D8E51BDE2A091A22000CCEE3 /* MessagesList.swift */ = {isa = PBXFileReference; lastKnownFileType = sourcecode.swift; path = MessagesList.swift; sourceTree = "<group>"; };
		D8E51BE02A092616000CCEE3 /* PromptEntryView.swift */ = {isa = PBXFileReference; lastKnownFileType = sourcecode.swift; path = PromptEntryView.swift; sourceTree = "<group>"; };
		D8E51BE32A09488F000CCEE3 /* AppViewModel.swift */ = {isa = PBXFileReference; lastKnownFileType = sourcecode.swift; path = AppViewModel.swift; sourceTree = "<group>"; };
		D8E51BE92A0949FA000CCEE3 /* AppViewModelable.swift */ = {isa = PBXFileReference; lastKnownFileType = sourcecode.swift; path = AppViewModelable.swift; sourceTree = "<group>"; };
		D8E51BEC2A094BF2000CCEE3 /* FakeAppViewModel.swift */ = {isa = PBXFileReference; lastKnownFileType = sourcecode.swift; path = FakeAppViewModel.swift; sourceTree = "<group>"; };
		D8E51BEE2A095042000CCEE3 /* ContentView.swift */ = {isa = PBXFileReference; lastKnownFileType = sourcecode.swift; path = ContentView.swift; sourceTree = "<group>"; };
		D8E51BF02A095981000CCEE3 /* OpenAIClient.swift */ = {isa = PBXFileReference; lastKnownFileType = sourcecode.swift; path = OpenAIClient.swift; sourceTree = "<group>"; };
		D8E51BF42A095AE2000CCEE3 /* AppViewModelTests.swift */ = {isa = PBXFileReference; lastKnownFileType = sourcecode.swift; path = AppViewModelTests.swift; sourceTree = "<group>"; };
/* End PBXFileReference section */

/* Begin PBXFrameworksBuildPhase section */
		D8E51B9A2A090E93000CCEE3 /* Frameworks */ = {
			isa = PBXFrameworksBuildPhase;
			buildActionMask = 2147483647;
			files = (
			);
			runOnlyForDeploymentPostprocessing = 0;
		};
		D8E51BAA2A090E95000CCEE3 /* Frameworks */ = {
			isa = PBXFrameworksBuildPhase;
			buildActionMask = 2147483647;
			files = (
			);
			runOnlyForDeploymentPostprocessing = 0;
		};
		D8E51BB42A090E95000CCEE3 /* Frameworks */ = {
			isa = PBXFrameworksBuildPhase;
			buildActionMask = 2147483647;
			files = (
			);
			runOnlyForDeploymentPostprocessing = 0;
		};
/* End PBXFrameworksBuildPhase section */

/* Begin PBXGroup section */
		D814E8902A0A828100ECCA17 /* Resources */ = {
			isa = PBXGroup;
			children = (
			);
			path = Resources;
			sourceTree = "<group>";
		};
		D88B49AB2A0D10E100C8E223 /* Randoms */ = {
			isa = PBXGroup;
			children = (
				D88B49AC2A0D10EF00C8E223 /* Message+Random.swift */,
			);
			path = Randoms;
			sourceTree = "<group>";
		};
		D8E51B942A090E93000CCEE3 = {
			isa = PBXGroup;
			children = (
				D8E51B9F2A090E93000CCEE3 /* LanguageBuddy */,
				D8E51BB02A090E95000CCEE3 /* LanguageBuddyTests */,
				D8E51BBA2A090E95000CCEE3 /* LanguageBuddyUITests */,
				D8E51B9E2A090E93000CCEE3 /* Products */,
			);
			sourceTree = "<group>";
		};
		D8E51B9E2A090E93000CCEE3 /* Products */ = {
			isa = PBXGroup;
			children = (
				D8E51B9D2A090E93000CCEE3 /* LanguageBuddy.app */,
				D8E51BAD2A090E95000CCEE3 /* LanguageBuddyTests.xctest */,
				D8E51BB72A090E95000CCEE3 /* LanguageBuddyUITests.xctest */,
			);
			name = Products;
			sourceTree = "<group>";
		};
		D8E51B9F2A090E93000CCEE3 /* LanguageBuddy */ = {
			isa = PBXGroup;
			children = (
				D814E8902A0A828100ECCA17 /* Resources */,
				D8E51BE82A0949E2000CCEE3 /* Protocols */,
				D8E51BCB2A090F42000CCEE3 /* Models */,
				D8E51BCA2A090F13000CCEE3 /* Views */,
				D8E51BE22A09486D000CCEE3 /* View Models */,
				D8E51BA02A090E93000CCEE3 /* LanguageBuddyApp.swift */,
				D8E51BA42A090E95000CCEE3 /* Assets.xcassets */,
				D8E51BA62A090E95000CCEE3 /* Preview Content */,
			);
			path = LanguageBuddy;
			sourceTree = "<group>";
		};
		D8E51BA62A090E95000CCEE3 /* Preview Content */ = {
			isa = PBXGroup;
			children = (
				D8E51BEB2A094A2A000CCEE3 /* Fakes */,
				D8E51BA72A090E95000CCEE3 /* Preview Assets.xcassets */,
				D8E51BDA2A091702000CCEE3 /* Message+Random.swift */,
				D8E51BDC2A09188E000CCEE3 /* String+Random.swift */,
			);
			path = "Preview Content";
			sourceTree = "<group>";
		};
		D8E51BB02A090E95000CCEE3 /* LanguageBuddyTests */ = {
			isa = PBXGroup;
			children = (
				D8E51BF62A095B3E000CCEE3 /* Fakes */,
				D88B49AB2A0D10E100C8E223 /* Randoms */,
				D8E51BD02A09101F000CCEE3 /* Resources */,
				D8E51BD72A0911AD000CCEE3 /* Utilities */,
				D8E51BF42A095AE2000CCEE3 /* AppViewModelTests.swift */,
				D88B49A32A0D055000C8E223 /* ChatResponseTests.swift */,
				D8E51BB12A090E95000CCEE3 /* LanguageBuddyTests.swift */,
				D8E51BD32A0910A3000CCEE3 /* MessageTests.swift */,
				D814E8972A0AA1DD00ECCA17 /* MessageCreatorTests.swift */,
				D814E86C2A09976D00ECCA17 /* OpenAIClientTests.swift */,
				D88B499F2A0D038B00C8E223 /* OpenAIErrorResponseTests.swift */,
			);
			path = LanguageBuddyTests;
			sourceTree = "<group>";
		};
		D8E51BBA2A090E95000CCEE3 /* LanguageBuddyUITests */ = {
			isa = PBXGroup;
			children = (
				D8E51BBB2A090E95000CCEE3 /* LanguageBuddyUITests.swift */,
				D8E51BBD2A090E95000CCEE3 /* LanguageBuddyUITestsLaunchTests.swift */,
			);
			path = LanguageBuddyUITests;
			sourceTree = "<group>";
		};
		D8E51BCA2A090F13000CCEE3 /* Views */ = {
			isa = PBXGroup;
			children = (
				D8E51BA22A090E93000CCEE3 /* MessagesView.swift */,
				D8E51BD82A0916CD000CCEE3 /* MessageRowView.swift */,
				D8E51BDE2A091A22000CCEE3 /* MessagesList.swift */,
				D8E51BE02A092616000CCEE3 /* PromptEntryView.swift */,
				D8E51BEE2A095042000CCEE3 /* ContentView.swift */,
			);
			path = Views;
			sourceTree = "<group>";
		};
		D8E51BCB2A090F42000CCEE3 /* Models */ = {
			isa = PBXGroup;
			children = (
				D8E51BE52A094990000CCEE3 /* Enums */,
				D814E86E2A09A24C00ECCA17 /* ChatRequest.swift */,
				D814E8742A0A35B500ECCA17 /* ChatResponse.swift */,
				D814E8762A0A362300ECCA17 /* Choice.swift */,
				D8E51BCD2A090F78000CCEE3 /* Message.swift */,
				D814E8952A0AA14100ECCA17 /* MessageCreator.swift */,
				D8E51BF02A095981000CCEE3 /* OpenAIClient.swift */,
				D814E8842A0A584800ECCA17 /* OpenAIErrorDetails.swift */,
				D814E8802A0A418900ECCA17 /* OpenAIErrorResponse.swift */,
				D814E89B2A0AAB0200ECCA17 /* OpenAIMessage.swift */,
				D814E8782A0A367000ECCA17 /* Usage.swift */,
			);
			path = Models;
			sourceTree = "<group>";
		};
		D8E51BD02A09101F000CCEE3 /* Resources */ = {
			isa = PBXGroup;
			children = (
				D8E51BD12A091033000CCEE3 /* messages.json */,
				D88B499D2A0D036400C8E223 /* openai-error-response.json */,
				D88B49A12A0D051400C8E223 /* chat-response.json */,
			);
			path = Resources;
			sourceTree = "<group>";
		};
		D8E51BD72A0911AD000CCEE3 /* Utilities */ = {
			isa = PBXGroup;
			children = (
				D8E51BD52A0911A6000CCEE3 /* JSONLoader.swift */,
				D814E8992A0AA2C900ECCA17 /* Message+Utilities.swift */,
			);
			path = Utilities;
			sourceTree = "<group>";
		};
		D8E51BE22A09486D000CCEE3 /* View Models */ = {
			isa = PBXGroup;
			children = (
				D8E51BE32A09488F000CCEE3 /* AppViewModel.swift */,
			);
			path = "View Models";
			sourceTree = "<group>";
		};
		D8E51BE52A094990000CCEE3 /* Enums */ = {
			isa = PBXGroup;
			children = (
				D8E51BCC2A090F78000CCEE3 /* Role.swift */,
				D814E8722A0A2BA100ECCA17 /* OpenAIRequest.swift */,
				D814E87C2A0A37A300ECCA17 /* OpenAIRequest+URL.swift */,
				D814E87E2A0A3FEB00ECCA17 /* OpenAIError.swift */,
			);
			path = Enums;
			sourceTree = "<group>";
		};
		D8E51BE82A0949E2000CCEE3 /* Protocols */ = {
			isa = PBXGroup;
			children = (
				D8E51BE92A0949FA000CCEE3 /* AppViewModelable.swift */,
				D814E8702A0A29B300ECCA17 /* OpenAIClientable.swift */,
				D814E8882A0A651400ECCA17 /* URLSessionable.swift */,
				D814E8932A0AA10B00ECCA17 /* MessageCreatable.swift */,
			);
			path = Protocols;
			sourceTree = "<group>";
		};
		D8E51BEB2A094A2A000CCEE3 /* Fakes */ = {
			isa = PBXGroup;
			children = (
				D8E51BEC2A094BF2000CCEE3 /* FakeAppViewModel.swift */,
			);
			path = Fakes;
			sourceTree = "<group>";
		};
		D8E51BF62A095B3E000CCEE3 /* Fakes */ = {
			isa = PBXGroup;
			children = (
				D88B49A52A0D080500C8E223 /* FakeURLSession.swift */,
				D89DE3C72A0D1D5200316D72 /* FakeOpenAIClient.swift */,
			);
			path = Fakes;
			sourceTree = "<group>";
		};
/* End PBXGroup section */

/* Begin PBXNativeTarget section */
		D8E51B9C2A090E93000CCEE3 /* LanguageBuddy */ = {
			isa = PBXNativeTarget;
			buildConfigurationList = D8E51BC12A090E95000CCEE3 /* Build configuration list for PBXNativeTarget "LanguageBuddy" */;
			buildPhases = (
				D8E51B992A090E93000CCEE3 /* Sources */,
				D8E51B9A2A090E93000CCEE3 /* Frameworks */,
				D8E51B9B2A090E93000CCEE3 /* Resources */,
			);
			buildRules = (
			);
			dependencies = (
			);
			name = LanguageBuddy;
			productName = LanguageBuddy;
			productReference = D8E51B9D2A090E93000CCEE3 /* LanguageBuddy.app */;
			productType = "com.apple.product-type.application";
		};
		D8E51BAC2A090E95000CCEE3 /* LanguageBuddyTests */ = {
			isa = PBXNativeTarget;
			buildConfigurationList = D8E51BC42A090E95000CCEE3 /* Build configuration list for PBXNativeTarget "LanguageBuddyTests" */;
			buildPhases = (
				D8E51BA92A090E95000CCEE3 /* Sources */,
				D8E51BAA2A090E95000CCEE3 /* Frameworks */,
				D8E51BAB2A090E95000CCEE3 /* Resources */,
			);
			buildRules = (
			);
			dependencies = (
				D8E51BAF2A090E95000CCEE3 /* PBXTargetDependency */,
			);
			name = LanguageBuddyTests;
			productName = LanguageBuddyTests;
			productReference = D8E51BAD2A090E95000CCEE3 /* LanguageBuddyTests.xctest */;
			productType = "com.apple.product-type.bundle.unit-test";
		};
		D8E51BB62A090E95000CCEE3 /* LanguageBuddyUITests */ = {
			isa = PBXNativeTarget;
			buildConfigurationList = D8E51BC72A090E95000CCEE3 /* Build configuration list for PBXNativeTarget "LanguageBuddyUITests" */;
			buildPhases = (
				D8E51BB32A090E95000CCEE3 /* Sources */,
				D8E51BB42A090E95000CCEE3 /* Frameworks */,
				D8E51BB52A090E95000CCEE3 /* Resources */,
			);
			buildRules = (
			);
			dependencies = (
				D8E51BB92A090E95000CCEE3 /* PBXTargetDependency */,
			);
			name = LanguageBuddyUITests;
			productName = LanguageBuddyUITests;
			productReference = D8E51BB72A090E95000CCEE3 /* LanguageBuddyUITests.xctest */;
			productType = "com.apple.product-type.bundle.ui-testing";
		};
/* End PBXNativeTarget section */

/* Begin PBXProject section */
		D8E51B952A090E93000CCEE3 /* Project object */ = {
			isa = PBXProject;
			attributes = {
				BuildIndependentTargetsInParallel = 1;
				LastSwiftUpdateCheck = 1430;
				LastUpgradeCheck = 1430;
				TargetAttributes = {
					D8E51B9C2A090E93000CCEE3 = {
						CreatedOnToolsVersion = 14.3;
					};
					D8E51BAC2A090E95000CCEE3 = {
						CreatedOnToolsVersion = 14.3;
						TestTargetID = D8E51B9C2A090E93000CCEE3;
					};
					D8E51BB62A090E95000CCEE3 = {
						CreatedOnToolsVersion = 14.3;
						TestTargetID = D8E51B9C2A090E93000CCEE3;
					};
				};
			};
			buildConfigurationList = D8E51B982A090E93000CCEE3 /* Build configuration list for PBXProject "LanguageBuddy" */;
			compatibilityVersion = "Xcode 14.0";
			developmentRegion = en;
			hasScannedForEncodings = 0;
			knownRegions = (
				en,
				Base,
			);
			mainGroup = D8E51B942A090E93000CCEE3;
			productRefGroup = D8E51B9E2A090E93000CCEE3 /* Products */;
			projectDirPath = "";
			projectRoot = "";
			targets = (
				D8E51B9C2A090E93000CCEE3 /* LanguageBuddy */,
				D8E51BAC2A090E95000CCEE3 /* LanguageBuddyTests */,
				D8E51BB62A090E95000CCEE3 /* LanguageBuddyUITests */,
			);
		};
/* End PBXProject section */

/* Begin PBXResourcesBuildPhase section */
		D8E51B9B2A090E93000CCEE3 /* Resources */ = {
			isa = PBXResourcesBuildPhase;
			buildActionMask = 2147483647;
			files = (
				D8E51BA82A090E95000CCEE3 /* Preview Assets.xcassets in Resources */,
				D8E51BA52A090E95000CCEE3 /* Assets.xcassets in Resources */,
			);
			runOnlyForDeploymentPostprocessing = 0;
		};
		D8E51BAB2A090E95000CCEE3 /* Resources */ = {
			isa = PBXResourcesBuildPhase;
			buildActionMask = 2147483647;
			files = (
				D88B49A22A0D051400C8E223 /* chat-response.json in Resources */,
				D8E51BD22A091033000CCEE3 /* messages.json in Resources */,
				D88B499E2A0D036400C8E223 /* openai-error-response.json in Resources */,
			);
			runOnlyForDeploymentPostprocessing = 0;
		};
		D8E51BB52A090E95000CCEE3 /* Resources */ = {
			isa = PBXResourcesBuildPhase;
			buildActionMask = 2147483647;
			files = (
			);
			runOnlyForDeploymentPostprocessing = 0;
		};
/* End PBXResourcesBuildPhase section */

/* Begin PBXSourcesBuildPhase section */
		D8E51B992A090E93000CCEE3 /* Sources */ = {
			isa = PBXSourcesBuildPhase;
			buildActionMask = 2147483647;
			files = (
				D814E8752A0A35B500ECCA17 /* ChatResponse.swift in Sources */,
				D8E51BE42A09488F000CCEE3 /* AppViewModel.swift in Sources */,
				D814E8852A0A584800ECCA17 /* OpenAIErrorDetails.swift in Sources */,
				D8E51BED2A094BF2000CCEE3 /* FakeAppViewModel.swift in Sources */,
				D8E51BEF2A095042000CCEE3 /* ContentView.swift in Sources */,
				D814E8942A0AA10B00ECCA17 /* MessageCreatable.swift in Sources */,
				D8E51BDF2A091A22000CCEE3 /* MessagesList.swift in Sources */,
				D8E51BDB2A091702000CCEE3 /* Message+Random.swift in Sources */,
				D814E8892A0A651400ECCA17 /* URLSessionable.swift in Sources */,
				D814E8732A0A2BA100ECCA17 /* OpenAIRequest.swift in Sources */,
				D814E89C2A0AAB0200ECCA17 /* OpenAIMessage.swift in Sources */,
				D8E51BA32A090E93000CCEE3 /* MessagesView.swift in Sources */,
				D814E8812A0A418900ECCA17 /* OpenAIErrorResponse.swift in Sources */,
				D8E51BDD2A09188E000CCEE3 /* String+Random.swift in Sources */,
				D814E87F2A0A3FEB00ECCA17 /* OpenAIError.swift in Sources */,
				D814E86F2A09A24C00ECCA17 /* ChatRequest.swift in Sources */,
				D814E8772A0A362300ECCA17 /* Choice.swift in Sources */,
				D814E8792A0A367000ECCA17 /* Usage.swift in Sources */,
				D8E51BF12A095981000CCEE3 /* OpenAIClient.swift in Sources */,
				D8E51BD92A0916CD000CCEE3 /* MessageRowView.swift in Sources */,
				D814E87D2A0A37A300ECCA17 /* OpenAIRequest+URL.swift in Sources */,
				D8E51BEA2A0949FA000CCEE3 /* AppViewModelable.swift in Sources */,
				D8E51BCF2A090F78000CCEE3 /* Message.swift in Sources */,
				D814E8962A0AA14100ECCA17 /* MessageCreator.swift in Sources */,
				D814E8712A0A29B300ECCA17 /* OpenAIClientable.swift in Sources */,
				D8E51BA12A090E93000CCEE3 /* LanguageBuddyApp.swift in Sources */,
				D8E51BE12A092616000CCEE3 /* PromptEntryView.swift in Sources */,
				D8E51BCE2A090F78000CCEE3 /* Role.swift in Sources */,
			);
			runOnlyForDeploymentPostprocessing = 0;
		};
		D8E51BA92A090E95000CCEE3 /* Sources */ = {
			isa = PBXSourcesBuildPhase;
			buildActionMask = 2147483647;
			files = (
				D88B49AD2A0D10EF00C8E223 /* Message+Random.swift in Sources */,
				D88B49A42A0D055000C8E223 /* ChatResponseTests.swift in Sources */,
				D814E8982A0AA1DD00ECCA17 /* MessageCreatorTests.swift in Sources */,
				D88B49A02A0D038B00C8E223 /* OpenAIErrorResponseTests.swift in Sources */,
				D814E89A2A0AA2C900ECCA17 /* Message+Utilities.swift in Sources */,
				D8E51BB22A090E95000CCEE3 /* LanguageBuddyTests.swift in Sources */,
				D8E51BD42A0910A3000CCEE3 /* MessageTests.swift in Sources */,
				D814E86D2A09976D00ECCA17 /* OpenAIClientTests.swift in Sources */,
				D8E51BF52A095AE2000CCEE3 /* AppViewModelTests.swift in Sources */,
				D8E51BD62A0911A6000CCEE3 /* JSONLoader.swift in Sources */,
				D88B49A62A0D080500C8E223 /* FakeURLSession.swift in Sources */,
				D89DE3C82A0D1D5200316D72 /* FakeOpenAIClient.swift in Sources */,
			);
			runOnlyForDeploymentPostprocessing = 0;
		};
		D8E51BB32A090E95000CCEE3 /* Sources */ = {
			isa = PBXSourcesBuildPhase;
			buildActionMask = 2147483647;
			files = (
				D8E51BBC2A090E95000CCEE3 /* LanguageBuddyUITests.swift in Sources */,
				D8E51BBE2A090E95000CCEE3 /* LanguageBuddyUITestsLaunchTests.swift in Sources */,
			);
			runOnlyForDeploymentPostprocessing = 0;
		};
/* End PBXSourcesBuildPhase section */

/* Begin PBXTargetDependency section */
		D8E51BAF2A090E95000CCEE3 /* PBXTargetDependency */ = {
			isa = PBXTargetDependency;
			target = D8E51B9C2A090E93000CCEE3 /* LanguageBuddy */;
			targetProxy = D8E51BAE2A090E95000CCEE3 /* PBXContainerItemProxy */;
		};
		D8E51BB92A090E95000CCEE3 /* PBXTargetDependency */ = {
			isa = PBXTargetDependency;
			target = D8E51B9C2A090E93000CCEE3 /* LanguageBuddy */;
			targetProxy = D8E51BB82A090E95000CCEE3 /* PBXContainerItemProxy */;
		};
/* End PBXTargetDependency section */

/* Begin XCBuildConfiguration section */
		D8E51BBF2A090E95000CCEE3 /* Debug */ = {
			isa = XCBuildConfiguration;
			buildSettings = {
				ALWAYS_SEARCH_USER_PATHS = NO;
				CLANG_ANALYZER_NONNULL = YES;
				CLANG_ANALYZER_NUMBER_OBJECT_CONVERSION = YES_AGGRESSIVE;
				CLANG_CXX_LANGUAGE_STANDARD = "gnu++20";
				CLANG_ENABLE_MODULES = YES;
				CLANG_ENABLE_OBJC_ARC = YES;
				CLANG_ENABLE_OBJC_WEAK = YES;
				CLANG_WARN_BLOCK_CAPTURE_AUTORELEASING = YES;
				CLANG_WARN_BOOL_CONVERSION = YES;
				CLANG_WARN_COMMA = YES;
				CLANG_WARN_CONSTANT_CONVERSION = YES;
				CLANG_WARN_DEPRECATED_OBJC_IMPLEMENTATIONS = YES;
				CLANG_WARN_DIRECT_OBJC_ISA_USAGE = YES_ERROR;
				CLANG_WARN_DOCUMENTATION_COMMENTS = YES;
				CLANG_WARN_EMPTY_BODY = YES;
				CLANG_WARN_ENUM_CONVERSION = YES;
				CLANG_WARN_INFINITE_RECURSION = YES;
				CLANG_WARN_INT_CONVERSION = YES;
				CLANG_WARN_NON_LITERAL_NULL_CONVERSION = YES;
				CLANG_WARN_OBJC_IMPLICIT_RETAIN_SELF = YES;
				CLANG_WARN_OBJC_LITERAL_CONVERSION = YES;
				CLANG_WARN_OBJC_ROOT_CLASS = YES_ERROR;
				CLANG_WARN_QUOTED_INCLUDE_IN_FRAMEWORK_HEADER = YES;
				CLANG_WARN_RANGE_LOOP_ANALYSIS = YES;
				CLANG_WARN_STRICT_PROTOTYPES = YES;
				CLANG_WARN_SUSPICIOUS_MOVE = YES;
				CLANG_WARN_UNGUARDED_AVAILABILITY = YES_AGGRESSIVE;
				CLANG_WARN_UNREACHABLE_CODE = YES;
				CLANG_WARN__DUPLICATE_METHOD_MATCH = YES;
				COPY_PHASE_STRIP = NO;
				DEBUG_INFORMATION_FORMAT = dwarf;
				ENABLE_STRICT_OBJC_MSGSEND = YES;
				ENABLE_TESTABILITY = YES;
				GCC_C_LANGUAGE_STANDARD = gnu11;
				GCC_DYNAMIC_NO_PIC = NO;
				GCC_NO_COMMON_BLOCKS = YES;
				GCC_OPTIMIZATION_LEVEL = 0;
				GCC_PREPROCESSOR_DEFINITIONS = (
					"DEBUG=1",
					"$(inherited)",
				);
				GCC_WARN_64_TO_32_BIT_CONVERSION = YES;
				GCC_WARN_ABOUT_RETURN_TYPE = YES_ERROR;
				GCC_WARN_UNDECLARED_SELECTOR = YES;
				GCC_WARN_UNINITIALIZED_AUTOS = YES_AGGRESSIVE;
				GCC_WARN_UNUSED_FUNCTION = YES;
				GCC_WARN_UNUSED_VARIABLE = YES;
				IPHONEOS_DEPLOYMENT_TARGET = 16.4;
				MTL_ENABLE_DEBUG_INFO = INCLUDE_SOURCE;
				MTL_FAST_MATH = YES;
				ONLY_ACTIVE_ARCH = YES;
				SDKROOT = iphoneos;
				SWIFT_ACTIVE_COMPILATION_CONDITIONS = DEBUG;
				SWIFT_OPTIMIZATION_LEVEL = "-Onone";
			};
			name = Debug;
		};
		D8E51BC02A090E95000CCEE3 /* Release */ = {
			isa = XCBuildConfiguration;
			buildSettings = {
				ALWAYS_SEARCH_USER_PATHS = NO;
				CLANG_ANALYZER_NONNULL = YES;
				CLANG_ANALYZER_NUMBER_OBJECT_CONVERSION = YES_AGGRESSIVE;
				CLANG_CXX_LANGUAGE_STANDARD = "gnu++20";
				CLANG_ENABLE_MODULES = YES;
				CLANG_ENABLE_OBJC_ARC = YES;
				CLANG_ENABLE_OBJC_WEAK = YES;
				CLANG_WARN_BLOCK_CAPTURE_AUTORELEASING = YES;
				CLANG_WARN_BOOL_CONVERSION = YES;
				CLANG_WARN_COMMA = YES;
				CLANG_WARN_CONSTANT_CONVERSION = YES;
				CLANG_WARN_DEPRECATED_OBJC_IMPLEMENTATIONS = YES;
				CLANG_WARN_DIRECT_OBJC_ISA_USAGE = YES_ERROR;
				CLANG_WARN_DOCUMENTATION_COMMENTS = YES;
				CLANG_WARN_EMPTY_BODY = YES;
				CLANG_WARN_ENUM_CONVERSION = YES;
				CLANG_WARN_INFINITE_RECURSION = YES;
				CLANG_WARN_INT_CONVERSION = YES;
				CLANG_WARN_NON_LITERAL_NULL_CONVERSION = YES;
				CLANG_WARN_OBJC_IMPLICIT_RETAIN_SELF = YES;
				CLANG_WARN_OBJC_LITERAL_CONVERSION = YES;
				CLANG_WARN_OBJC_ROOT_CLASS = YES_ERROR;
				CLANG_WARN_QUOTED_INCLUDE_IN_FRAMEWORK_HEADER = YES;
				CLANG_WARN_RANGE_LOOP_ANALYSIS = YES;
				CLANG_WARN_STRICT_PROTOTYPES = YES;
				CLANG_WARN_SUSPICIOUS_MOVE = YES;
				CLANG_WARN_UNGUARDED_AVAILABILITY = YES_AGGRESSIVE;
				CLANG_WARN_UNREACHABLE_CODE = YES;
				CLANG_WARN__DUPLICATE_METHOD_MATCH = YES;
				COPY_PHASE_STRIP = NO;
				DEBUG_INFORMATION_FORMAT = "dwarf-with-dsym";
				ENABLE_NS_ASSERTIONS = NO;
				ENABLE_STRICT_OBJC_MSGSEND = YES;
				GCC_C_LANGUAGE_STANDARD = gnu11;
				GCC_NO_COMMON_BLOCKS = YES;
				GCC_WARN_64_TO_32_BIT_CONVERSION = YES;
				GCC_WARN_ABOUT_RETURN_TYPE = YES_ERROR;
				GCC_WARN_UNDECLARED_SELECTOR = YES;
				GCC_WARN_UNINITIALIZED_AUTOS = YES_AGGRESSIVE;
				GCC_WARN_UNUSED_FUNCTION = YES;
				GCC_WARN_UNUSED_VARIABLE = YES;
				IPHONEOS_DEPLOYMENT_TARGET = 16.4;
				MTL_ENABLE_DEBUG_INFO = NO;
				MTL_FAST_MATH = YES;
				SDKROOT = iphoneos;
				SWIFT_COMPILATION_MODE = wholemodule;
				SWIFT_OPTIMIZATION_LEVEL = "-O";
				VALIDATE_PRODUCT = YES;
			};
			name = Release;
		};
		D8E51BC22A090E95000CCEE3 /* Debug */ = {
			isa = XCBuildConfiguration;
			buildSettings = {
				ASSETCATALOG_COMPILER_APPICON_NAME = AppIcon;
				ASSETCATALOG_COMPILER_GLOBAL_ACCENT_COLOR_NAME = AccentColor;
				CODE_SIGN_STYLE = Automatic;
				CURRENT_PROJECT_VERSION = 1;
				DEVELOPMENT_ASSET_PATHS = "\"LanguageBuddy/Preview Content\"";
				DEVELOPMENT_TEAM = 26Z3X8F4L7;
				ENABLE_PREVIEWS = YES;
				GENERATE_INFOPLIST_FILE = YES;
				INFOPLIST_KEY_UIApplicationSceneManifest_Generation = YES;
				INFOPLIST_KEY_UIApplicationSupportsIndirectInputEvents = YES;
				INFOPLIST_KEY_UILaunchScreen_Generation = YES;
				INFOPLIST_KEY_UISupportedInterfaceOrientations_iPad = "UIInterfaceOrientationPortrait UIInterfaceOrientationPortraitUpsideDown UIInterfaceOrientationLandscapeLeft UIInterfaceOrientationLandscapeRight";
				INFOPLIST_KEY_UISupportedInterfaceOrientations_iPhone = "UIInterfaceOrientationPortrait UIInterfaceOrientationLandscapeLeft UIInterfaceOrientationLandscapeRight";
				LD_RUNPATH_SEARCH_PATHS = (
					"$(inherited)",
					"@executable_path/Frameworks",
				);
				MARKETING_VERSION = 1.0;
				PRODUCT_BUNDLE_IDENTIFIER = app.funes.LanguageBuddy;
				PRODUCT_NAME = "$(TARGET_NAME)";
				SWIFT_EMIT_LOC_STRINGS = YES;
				SWIFT_VERSION = 5.0;
				TARGETED_DEVICE_FAMILY = "1,2";
			};
			name = Debug;
		};
		D8E51BC32A090E95000CCEE3 /* Release */ = {
			isa = XCBuildConfiguration;
			buildSettings = {
				ASSETCATALOG_COMPILER_APPICON_NAME = AppIcon;
				ASSETCATALOG_COMPILER_GLOBAL_ACCENT_COLOR_NAME = AccentColor;
				CODE_SIGN_STYLE = Automatic;
				CURRENT_PROJECT_VERSION = 1;
				DEVELOPMENT_ASSET_PATHS = "\"LanguageBuddy/Preview Content\"";
				DEVELOPMENT_TEAM = 26Z3X8F4L7;
				ENABLE_PREVIEWS = YES;
				GENERATE_INFOPLIST_FILE = YES;
				INFOPLIST_KEY_UIApplicationSceneManifest_Generation = YES;
				INFOPLIST_KEY_UIApplicationSupportsIndirectInputEvents = YES;
				INFOPLIST_KEY_UILaunchScreen_Generation = YES;
				INFOPLIST_KEY_UISupportedInterfaceOrientations_iPad = "UIInterfaceOrientationPortrait UIInterfaceOrientationPortraitUpsideDown UIInterfaceOrientationLandscapeLeft UIInterfaceOrientationLandscapeRight";
				INFOPLIST_KEY_UISupportedInterfaceOrientations_iPhone = "UIInterfaceOrientationPortrait UIInterfaceOrientationLandscapeLeft UIInterfaceOrientationLandscapeRight";
				LD_RUNPATH_SEARCH_PATHS = (
					"$(inherited)",
					"@executable_path/Frameworks",
				);
				MARKETING_VERSION = 1.0;
				PRODUCT_BUNDLE_IDENTIFIER = app.funes.LanguageBuddy;
				PRODUCT_NAME = "$(TARGET_NAME)";
				SWIFT_EMIT_LOC_STRINGS = YES;
				SWIFT_VERSION = 5.0;
				TARGETED_DEVICE_FAMILY = "1,2";
			};
			name = Release;
		};
		D8E51BC52A090E95000CCEE3 /* Debug */ = {
			isa = XCBuildConfiguration;
			buildSettings = {
				ALWAYS_EMBED_SWIFT_STANDARD_LIBRARIES = YES;
				BUNDLE_LOADER = "$(TEST_HOST)";
				CODE_SIGN_STYLE = Automatic;
				CURRENT_PROJECT_VERSION = 1;
				DEVELOPMENT_TEAM = 26Z3X8F4L7;
				GENERATE_INFOPLIST_FILE = YES;
				IPHONEOS_DEPLOYMENT_TARGET = 16.4;
				MARKETING_VERSION = 1.0;
				PRODUCT_BUNDLE_IDENTIFIER = app.funes.LanguageBuddyTests;
				PRODUCT_NAME = "$(TARGET_NAME)";
				SWIFT_EMIT_LOC_STRINGS = NO;
				SWIFT_VERSION = 5.0;
				TARGETED_DEVICE_FAMILY = "1,2";
				TEST_HOST = "$(BUILT_PRODUCTS_DIR)/LanguageBuddy.app/$(BUNDLE_EXECUTABLE_FOLDER_PATH)/LanguageBuddy";
			};
			name = Debug;
		};
		D8E51BC62A090E95000CCEE3 /* Release */ = {
			isa = XCBuildConfiguration;
			buildSettings = {
				ALWAYS_EMBED_SWIFT_STANDARD_LIBRARIES = YES;
				BUNDLE_LOADER = "$(TEST_HOST)";
				CODE_SIGN_STYLE = Automatic;
				CURRENT_PROJECT_VERSION = 1;
				DEVELOPMENT_TEAM = 26Z3X8F4L7;
				GENERATE_INFOPLIST_FILE = YES;
				IPHONEOS_DEPLOYMENT_TARGET = 16.4;
				MARKETING_VERSION = 1.0;
				PRODUCT_BUNDLE_IDENTIFIER = app.funes.LanguageBuddyTests;
				PRODUCT_NAME = "$(TARGET_NAME)";
				SWIFT_EMIT_LOC_STRINGS = NO;
				SWIFT_VERSION = 5.0;
				TARGETED_DEVICE_FAMILY = "1,2";
				TEST_HOST = "$(BUILT_PRODUCTS_DIR)/LanguageBuddy.app/$(BUNDLE_EXECUTABLE_FOLDER_PATH)/LanguageBuddy";
			};
			name = Release;
		};
		D8E51BC82A090E95000CCEE3 /* Debug */ = {
			isa = XCBuildConfiguration;
			buildSettings = {
				ALWAYS_EMBED_SWIFT_STANDARD_LIBRARIES = YES;
				CODE_SIGN_STYLE = Automatic;
				CURRENT_PROJECT_VERSION = 1;
				DEVELOPMENT_TEAM = 26Z3X8F4L7;
				GENERATE_INFOPLIST_FILE = YES;
				MARKETING_VERSION = 1.0;
				PRODUCT_BUNDLE_IDENTIFIER = app.funes.LanguageBuddyUITests;
				PRODUCT_NAME = "$(TARGET_NAME)";
				SWIFT_EMIT_LOC_STRINGS = NO;
				SWIFT_VERSION = 5.0;
				TARGETED_DEVICE_FAMILY = "1,2";
				TEST_TARGET_NAME = LanguageBuddy;
			};
			name = Debug;
		};
		D8E51BC92A090E95000CCEE3 /* Release */ = {
			isa = XCBuildConfiguration;
			buildSettings = {
				ALWAYS_EMBED_SWIFT_STANDARD_LIBRARIES = YES;
				CODE_SIGN_STYLE = Automatic;
				CURRENT_PROJECT_VERSION = 1;
				DEVELOPMENT_TEAM = 26Z3X8F4L7;
				GENERATE_INFOPLIST_FILE = YES;
				MARKETING_VERSION = 1.0;
				PRODUCT_BUNDLE_IDENTIFIER = app.funes.LanguageBuddyUITests;
				PRODUCT_NAME = "$(TARGET_NAME)";
				SWIFT_EMIT_LOC_STRINGS = NO;
				SWIFT_VERSION = 5.0;
				TARGETED_DEVICE_FAMILY = "1,2";
				TEST_TARGET_NAME = LanguageBuddy;
			};
			name = Release;
		};
/* End XCBuildConfiguration section */

/* Begin XCConfigurationList section */
		D8E51B982A090E93000CCEE3 /* Build configuration list for PBXProject "LanguageBuddy" */ = {
			isa = XCConfigurationList;
			buildConfigurations = (
				D8E51BBF2A090E95000CCEE3 /* Debug */,
				D8E51BC02A090E95000CCEE3 /* Release */,
			);
			defaultConfigurationIsVisible = 0;
			defaultConfigurationName = Release;
		};
		D8E51BC12A090E95000CCEE3 /* Build configuration list for PBXNativeTarget "LanguageBuddy" */ = {
			isa = XCConfigurationList;
			buildConfigurations = (
				D8E51BC22A090E95000CCEE3 /* Debug */,
				D8E51BC32A090E95000CCEE3 /* Release */,
			);
			defaultConfigurationIsVisible = 0;
			defaultConfigurationName = Release;
		};
		D8E51BC42A090E95000CCEE3 /* Build configuration list for PBXNativeTarget "LanguageBuddyTests" */ = {
			isa = XCConfigurationList;
			buildConfigurations = (
				D8E51BC52A090E95000CCEE3 /* Debug */,
				D8E51BC62A090E95000CCEE3 /* Release */,
			);
			defaultConfigurationIsVisible = 0;
			defaultConfigurationName = Release;
		};
		D8E51BC72A090E95000CCEE3 /* Build configuration list for PBXNativeTarget "LanguageBuddyUITests" */ = {
			isa = XCConfigurationList;
			buildConfigurations = (
				D8E51BC82A090E95000CCEE3 /* Debug */,
				D8E51BC92A090E95000CCEE3 /* Release */,
			);
			defaultConfigurationIsVisible = 0;
			defaultConfigurationName = Release;
		};
/* End XCConfigurationList section */
	};
	rootObject = D8E51B952A090E93000CCEE3 /* Project object */;
}
